// !$*UTF8*$!
{
	archiveVersion = 1;
	classes = {
	};
	objectVersion = 46;
	objects = {

/* Begin PBXBuildFile section */
		05C1B6DD1BAB6DEF008E2576 /* main.m in Sources */ = {isa = PBXBuildFile; fileRef = 05C1B6DC1BAB6DEF008E2576 /* main.m */; };
		05C1B6E01BAB6DEF008E2576 /* AppDelegate.m in Sources */ = {isa = PBXBuildFile; fileRef = 05C1B6DF1BAB6DEF008E2576 /* AppDelegate.m */; };
		05C1B6E31BAB6DEF008E2576 /* ViewController.m in Sources */ = {isa = PBXBuildFile; fileRef = 05C1B6E21BAB6DEF008E2576 /* ViewController.m */; };
		05C1B6E61BAB6DEF008E2576 /* Main.storyboard in Resources */ = {isa = PBXBuildFile; fileRef = 05C1B6E41BAB6DEF008E2576 /* Main.storyboard */; };
		05C1B6E81BAB6DEF008E2576 /* Images.xcassets in Resources */ = {isa = PBXBuildFile; fileRef = 05C1B6E71BAB6DEF008E2576 /* Images.xcassets */; };
		05C1B6EB1BAB6DEF008E2576 /* LaunchScreen.xib in Resources */ = {isa = PBXBuildFile; fileRef = 05C1B6E91BAB6DEF008E2576 /* LaunchScreen.xib */; };
		05C1B6F71BAB6DEF008E2576 /* MagicTrickTests.m in Sources */ = {isa = PBXBuildFile; fileRef = 05C1B6F61BAB6DEF008E2576 /* MagicTrickTests.m */; };
		05C1B7021BAB6EA8008E2576 /* card.m in Sources */ = {isa = PBXBuildFile; fileRef = 05C1B7011BAB6EA8008E2576 /* card.m */; };
		F7195DC01BAB7214005CC439 /* back@2x.png in Resources */ = {isa = PBXBuildFile; fileRef = F7195DBF1BAB7214005CC439 /* back@2x.png */; };
		F7195DCE1BAB721D005CC439 /* clubs_2@2x.png in Resources */ = {isa = PBXBuildFile; fileRef = F7195DC11BAB721D005CC439 /* clubs_2@2x.png */; };
		F7195DCF1BAB721D005CC439 /* clubs_3@2x.png in Resources */ = {isa = PBXBuildFile; fileRef = F7195DC21BAB721D005CC439 /* clubs_3@2x.png */; };
		F7195DD01BAB721D005CC439 /* clubs_4@2x.png in Resources */ = {isa = PBXBuildFile; fileRef = F7195DC31BAB721D005CC439 /* clubs_4@2x.png */; };
		F7195DD11BAB721D005CC439 /* clubs_5@2x.png in Resources */ = {isa = PBXBuildFile; fileRef = F7195DC41BAB721D005CC439 /* clubs_5@2x.png */; };
		F7195DD21BAB721D005CC439 /* clubs_6@2x.png in Resources */ = {isa = PBXBuildFile; fileRef = F7195DC51BAB721D005CC439 /* clubs_6@2x.png */; };
		F7195DD31BAB721D005CC439 /* clubs_7@2x.png in Resources */ = {isa = PBXBuildFile; fileRef = F7195DC61BAB721D005CC439 /* clubs_7@2x.png */; };
		F7195DD41BAB721D005CC439 /* clubs_8@2x.png in Resources */ = {isa = PBXBuildFile; fileRef = F7195DC71BAB721D005CC439 /* clubs_8@2x.png */; };
		F7195DD51BAB721D005CC439 /* clubs_9@2x.png in Resources */ = {isa = PBXBuildFile; fileRef = F7195DC81BAB721D005CC439 /* clubs_9@2x.png */; };
		F7195DD61BAB721D005CC439 /* clubs_10@2x.png in Resources */ = {isa = PBXBuildFile; fileRef = F7195DC91BAB721D005CC439 /* clubs_10@2x.png */; };
		F7195DD71BAB721D005CC439 /* clubs_a@2x.png in Resources */ = {isa = PBXBuildFile; fileRef = F7195DCA1BAB721D005CC439 /* clubs_a@2x.png */; };
		F7195DD81BAB721D005CC439 /* clubs_j@2x.png in Resources */ = {isa = PBXBuildFile; fileRef = F7195DCB1BAB721D005CC439 /* clubs_j@2x.png */; };
		F7195DD91BAB721D005CC439 /* clubs_k@2x.png in Resources */ = {isa = PBXBuildFile; fileRef = F7195DCC1BAB721D005CC439 /* clubs_k@2x.png */; };
		F7195DDA1BAB721D005CC439 /* clubs_q@2x.png in Resources */ = {isa = PBXBuildFile; fileRef = F7195DCD1BAB721D005CC439 /* clubs_q@2x.png */; };
		F7195DE91BAB722B005CC439 /* diamonds_2@2x.png in Resources */ = {isa = PBXBuildFile; fileRef = F7195DDC1BAB722B005CC439 /* diamonds_2@2x.png */; };
		F7195DEA1BAB722B005CC439 /* diamonds_3@2x.png in Resources */ = {isa = PBXBuildFile; fileRef = F7195DDD1BAB722B005CC439 /* diamonds_3@2x.png */; };
		F7195DEB1BAB722B005CC439 /* diamonds_4@2x.png in Resources */ = {isa = PBXBuildFile; fileRef = F7195DDE1BAB722B005CC439 /* diamonds_4@2x.png */; };
		F7195DEC1BAB722B005CC439 /* diamonds_5@2x.png in Resources */ = {isa = PBXBuildFile; fileRef = F7195DDF1BAB722B005CC439 /* diamonds_5@2x.png */; };
		F7195DED1BAB722B005CC439 /* diamonds_6@2x.png in Resources */ = {isa = PBXBuildFile; fileRef = F7195DE01BAB722B005CC439 /* diamonds_6@2x.png */; };
		F7195DEE1BAB722B005CC439 /* diamonds_7@2x.png in Resources */ = {isa = PBXBuildFile; fileRef = F7195DE11BAB722B005CC439 /* diamonds_7@2x.png */; };
		F7195DEF1BAB722B005CC439 /* diamonds_8@2x.png in Resources */ = {isa = PBXBuildFile; fileRef = F7195DE21BAB722B005CC439 /* diamonds_8@2x.png */; };
		F7195DF01BAB722B005CC439 /* diamonds_9@2x.png in Resources */ = {isa = PBXBuildFile; fileRef = F7195DE31BAB722B005CC439 /* diamonds_9@2x.png */; };
		F7195DF11BAB722B005CC439 /* diamonds_10@2x.png in Resources */ = {isa = PBXBuildFile; fileRef = F7195DE41BAB722B005CC439 /* diamonds_10@2x.png */; };
		F7195DF21BAB722B005CC439 /* diamonds_a@2x.png in Resources */ = {isa = PBXBuildFile; fileRef = F7195DE51BAB722B005CC439 /* diamonds_a@2x.png */; };
		F7195DF31BAB722B005CC439 /* diamonds_j@2x.png in Resources */ = {isa = PBXBuildFile; fileRef = F7195DE61BAB722B005CC439 /* diamonds_j@2x.png */; };
		F7195DF41BAB722B005CC439 /* diamonds_k@2x.png in Resources */ = {isa = PBXBuildFile; fileRef = F7195DE71BAB722B005CC439 /* diamonds_k@2x.png */; };
		F7195DF51BAB722B005CC439 /* diamonds_q@2x.png in Resources */ = {isa = PBXBuildFile; fileRef = F7195DE81BAB722B005CC439 /* diamonds_q@2x.png */; };
		F7195E041BAB7239005CC439 /* hearts_2@2x.png in Resources */ = {isa = PBXBuildFile; fileRef = F7195DF71BAB7239005CC439 /* hearts_2@2x.png */; };
		F7195E051BAB7239005CC439 /* hearts_3@2x.png in Resources */ = {isa = PBXBuildFile; fileRef = F7195DF81BAB7239005CC439 /* hearts_3@2x.png */; };
		F7195E061BAB7239005CC439 /* hearts_4@2x.png in Resources */ = {isa = PBXBuildFile; fileRef = F7195DF91BAB7239005CC439 /* hearts_4@2x.png */; };
		F7195E071BAB7239005CC439 /* hearts_5@2x.png in Resources */ = {isa = PBXBuildFile; fileRef = F7195DFA1BAB7239005CC439 /* hearts_5@2x.png */; };
		F7195E081BAB7239005CC439 /* hearts_6@2x.png in Resources */ = {isa = PBXBuildFile; fileRef = F7195DFB1BAB7239005CC439 /* hearts_6@2x.png */; };
		F7195E091BAB7239005CC439 /* hearts_7@2x.png in Resources */ = {isa = PBXBuildFile; fileRef = F7195DFC1BAB7239005CC439 /* hearts_7@2x.png */; };
		F7195E0A1BAB7239005CC439 /* hearts_8@2x.png in Resources */ = {isa = PBXBuildFile; fileRef = F7195DFD1BAB7239005CC439 /* hearts_8@2x.png */; };
		F7195E0B1BAB7239005CC439 /* hearts_9@2x.png in Resources */ = {isa = PBXBuildFile; fileRef = F7195DFE1BAB7239005CC439 /* hearts_9@2x.png */; };
		F7195E0C1BAB7239005CC439 /* hearts_10@2x.png in Resources */ = {isa = PBXBuildFile; fileRef = F7195DFF1BAB7239005CC439 /* hearts_10@2x.png */; };
		F7195E0D1BAB7239005CC439 /* hearts_a@2x.png in Resources */ = {isa = PBXBuildFile; fileRef = F7195E001BAB7239005CC439 /* hearts_a@2x.png */; };
		F7195E0E1BAB7239005CC439 /* hearts_j@2x.png in Resources */ = {isa = PBXBuildFile; fileRef = F7195E011BAB7239005CC439 /* hearts_j@2x.png */; };
		F7195E0F1BAB7239005CC439 /* hearts_k@2x.png in Resources */ = {isa = PBXBuildFile; fileRef = F7195E021BAB7239005CC439 /* hearts_k@2x.png */; };
		F7195E101BAB7239005CC439 /* hearts_q@2x.png in Resources */ = {isa = PBXBuildFile; fileRef = F7195E031BAB7239005CC439 /* hearts_q@2x.png */; };
		F7195E1F1BAB724A005CC439 /* spades_2@2x.png in Resources */ = {isa = PBXBuildFile; fileRef = F7195E121BAB724A005CC439 /* spades_2@2x.png */; };
		F7195E201BAB724A005CC439 /* spades_3@2x.png in Resources */ = {isa = PBXBuildFile; fileRef = F7195E131BAB724A005CC439 /* spades_3@2x.png */; };
		F7195E211BAB724A005CC439 /* spades_4@2x.png in Resources */ = {isa = PBXBuildFile; fileRef = F7195E141BAB724A005CC439 /* spades_4@2x.png */; };
		F7195E221BAB724A005CC439 /* spades_5@2x.png in Resources */ = {isa = PBXBuildFile; fileRef = F7195E151BAB724A005CC439 /* spades_5@2x.png */; };
		F7195E231BAB724A005CC439 /* spades_6@2x.png in Resources */ = {isa = PBXBuildFile; fileRef = F7195E161BAB724A005CC439 /* spades_6@2x.png */; };
		F7195E241BAB724A005CC439 /* spades_7@2x.png in Resources */ = {isa = PBXBuildFile; fileRef = F7195E171BAB724A005CC439 /* spades_7@2x.png */; };
		F7195E251BAB724A005CC439 /* spades_8@2x.png in Resources */ = {isa = PBXBuildFile; fileRef = F7195E181BAB724A005CC439 /* spades_8@2x.png */; };
		F7195E261BAB724A005CC439 /* spades_9@2x.png in Resources */ = {isa = PBXBuildFile; fileRef = F7195E191BAB724A005CC439 /* spades_9@2x.png */; };
		F7195E271BAB724A005CC439 /* spades_10@2x.png in Resources */ = {isa = PBXBuildFile; fileRef = F7195E1A1BAB724A005CC439 /* spades_10@2x.png */; };
		F7195E281BAB724A005CC439 /* spades_a@2x.png in Resources */ = {isa = PBXBuildFile; fileRef = F7195E1B1BAB724A005CC439 /* spades_a@2x.png */; };
		F7195E291BAB724A005CC439 /* spades_j@2x.png in Resources */ = {isa = PBXBuildFile; fileRef = F7195E1C1BAB724A005CC439 /* spades_j@2x.png */; };
		F7195E2A1BAB724A005CC439 /* spades_k@2x.png in Resources */ = {isa = PBXBuildFile; fileRef = F7195E1D1BAB724A005CC439 /* spades_k@2x.png */; };
		F7195E2B1BAB724A005CC439 /* spades_q@2x.png in Resources */ = {isa = PBXBuildFile; fileRef = F7195E1E1BAB724A005CC439 /* spades_q@2x.png */; };
		F7195E2E1BAB7310005CC439 /* MTCardImageManager.m in Sources */ = {isa = PBXBuildFile; fileRef = F7195E2D1BAB7310005CC439 /* MTCardImageManager.m */; };
		F7195E311BAB7848005CC439 /* MTCard.m in Sources */ = {isa = PBXBuildFile; fileRef = F7195E301BAB7848005CC439 /* MTCard.m */; };
		F7195E361BAB8A7B005CC439 /* MTCardCollectionViewCell.m in Sources */ = {isa = PBXBuildFile; fileRef = F7195E351BAB8A7B005CC439 /* MTCardCollectionViewCell.m */; };
		F748A08A1BAC9E380065A4EC /* MTSplashViewController.m in Sources */ = {isa = PBXBuildFile; fileRef = F748A0891BAC9E380065A4EC /* MTSplashViewController.m */; };
		F748A08D1BACA0040065A4EC /* MTAnimatingCardView.m in Sources */ = {isa = PBXBuildFile; fileRef = F748A08C1BACA0040065A4EC /* MTAnimatingCardView.m */; };
/* End PBXBuildFile section */

/* Begin PBXContainerItemProxy section */
		05C1B6F11BAB6DEF008E2576 /* PBXContainerItemProxy */ = {
			isa = PBXContainerItemProxy;
			containerPortal = 05C1B6CF1BAB6DEF008E2576 /* Project object */;
			proxyType = 1;
			remoteGlobalIDString = 05C1B6D61BAB6DEF008E2576;
			remoteInfo = MagicTrick;
		};
/* End PBXContainerItemProxy section */

/* Begin PBXFileReference section */
		05C1B6D71BAB6DEF008E2576 /* MagicTrick.app */ = {isa = PBXFileReference; explicitFileType = wrapper.application; includeInIndex = 0; path = MagicTrick.app; sourceTree = BUILT_PRODUCTS_DIR; };
		05C1B6DB1BAB6DEF008E2576 /* Info.plist */ = {isa = PBXFileReference; lastKnownFileType = text.plist.xml; path = Info.plist; sourceTree = "<group>"; };
		05C1B6DC1BAB6DEF008E2576 /* main.m */ = {isa = PBXFileReference; lastKnownFileType = sourcecode.c.objc; path = main.m; sourceTree = "<group>"; };
		05C1B6DE1BAB6DEF008E2576 /* AppDelegate.h */ = {isa = PBXFileReference; lastKnownFileType = sourcecode.c.h; path = AppDelegate.h; sourceTree = "<group>"; };
		05C1B6DF1BAB6DEF008E2576 /* AppDelegate.m */ = {isa = PBXFileReference; lastKnownFileType = sourcecode.c.objc; path = AppDelegate.m; sourceTree = "<group>"; };
		05C1B6E11BAB6DEF008E2576 /* ViewController.h */ = {isa = PBXFileReference; lastKnownFileType = sourcecode.c.h; path = ViewController.h; sourceTree = "<group>"; };
		05C1B6E21BAB6DEF008E2576 /* ViewController.m */ = {isa = PBXFileReference; lastKnownFileType = sourcecode.c.objc; path = ViewController.m; sourceTree = "<group>"; };
		05C1B6E51BAB6DEF008E2576 /* Base */ = {isa = PBXFileReference; lastKnownFileType = file.storyboard; name = Base; path = Base.lproj/Main.storyboard; sourceTree = "<group>"; };
		05C1B6E71BAB6DEF008E2576 /* Images.xcassets */ = {isa = PBXFileReference; lastKnownFileType = folder.assetcatalog; path = Images.xcassets; sourceTree = "<group>"; };
		05C1B6EA1BAB6DEF008E2576 /* Base */ = {isa = PBXFileReference; lastKnownFileType = file.xib; name = Base; path = Base.lproj/LaunchScreen.xib; sourceTree = "<group>"; };
		05C1B6F01BAB6DEF008E2576 /* MagicTrickTests.xctest */ = {isa = PBXFileReference; explicitFileType = wrapper.cfbundle; includeInIndex = 0; path = MagicTrickTests.xctest; sourceTree = BUILT_PRODUCTS_DIR; };
		05C1B6F51BAB6DEF008E2576 /* Info.plist */ = {isa = PBXFileReference; lastKnownFileType = text.plist.xml; path = Info.plist; sourceTree = "<group>"; };
		05C1B6F61BAB6DEF008E2576 /* MagicTrickTests.m */ = {isa = PBXFileReference; lastKnownFileType = sourcecode.c.objc; path = MagicTrickTests.m; sourceTree = "<group>"; };
		05C1B7001BAB6EA8008E2576 /* card.h */ = {isa = PBXFileReference; fileEncoding = 4; lastKnownFileType = sourcecode.c.h; path = card.h; sourceTree = "<group>"; };
		05C1B7011BAB6EA8008E2576 /* card.m */ = {isa = PBXFileReference; fileEncoding = 4; lastKnownFileType = sourcecode.c.objc; path = card.m; sourceTree = "<group>"; };
		F7195DBF1BAB7214005CC439 /* back@2x.png */ = {isa = PBXFileReference; lastKnownFileType = image.png; path = "back@2x.png"; sourceTree = "<group>"; };
		F7195DC11BAB721D005CC439 /* clubs_2@2x.png */ = {isa = PBXFileReference; lastKnownFileType = image.png; path = "clubs_2@2x.png"; sourceTree = "<group>"; };
		F7195DC21BAB721D005CC439 /* clubs_3@2x.png */ = {isa = PBXFileReference; lastKnownFileType = image.png; path = "clubs_3@2x.png"; sourceTree = "<group>"; };
		F7195DC31BAB721D005CC439 /* clubs_4@2x.png */ = {isa = PBXFileReference; lastKnownFileType = image.png; path = "clubs_4@2x.png"; sourceTree = "<group>"; };
		F7195DC41BAB721D005CC439 /* clubs_5@2x.png */ = {isa = PBXFileReference; lastKnownFileType = image.png; path = "clubs_5@2x.png"; sourceTree = "<group>"; };
		F7195DC51BAB721D005CC439 /* clubs_6@2x.png */ = {isa = PBXFileReference; lastKnownFileType = image.png; path = "clubs_6@2x.png"; sourceTree = "<group>"; };
		F7195DC61BAB721D005CC439 /* clubs_7@2x.png */ = {isa = PBXFileReference; lastKnownFileType = image.png; path = "clubs_7@2x.png"; sourceTree = "<group>"; };
		F7195DC71BAB721D005CC439 /* clubs_8@2x.png */ = {isa = PBXFileReference; lastKnownFileType = image.png; path = "clubs_8@2x.png"; sourceTree = "<group>"; };
		F7195DC81BAB721D005CC439 /* clubs_9@2x.png */ = {isa = PBXFileReference; lastKnownFileType = image.png; path = "clubs_9@2x.png"; sourceTree = "<group>"; };
		F7195DC91BAB721D005CC439 /* clubs_10@2x.png */ = {isa = PBXFileReference; lastKnownFileType = image.png; path = "clubs_10@2x.png"; sourceTree = "<group>"; };
		F7195DCA1BAB721D005CC439 /* clubs_a@2x.png */ = {isa = PBXFileReference; lastKnownFileType = image.png; path = "clubs_a@2x.png"; sourceTree = "<group>"; };
		F7195DCB1BAB721D005CC439 /* clubs_j@2x.png */ = {isa = PBXFileReference; lastKnownFileType = image.png; path = "clubs_j@2x.png"; sourceTree = "<group>"; };
		F7195DCC1BAB721D005CC439 /* clubs_k@2x.png */ = {isa = PBXFileReference; lastKnownFileType = image.png; path = "clubs_k@2x.png"; sourceTree = "<group>"; };
		F7195DCD1BAB721D005CC439 /* clubs_q@2x.png */ = {isa = PBXFileReference; lastKnownFileType = image.png; path = "clubs_q@2x.png"; sourceTree = "<group>"; };
		F7195DDC1BAB722B005CC439 /* diamonds_2@2x.png */ = {isa = PBXFileReference; lastKnownFileType = image.png; path = "diamonds_2@2x.png"; sourceTree = "<group>"; };
		F7195DDD1BAB722B005CC439 /* diamonds_3@2x.png */ = {isa = PBXFileReference; lastKnownFileType = image.png; path = "diamonds_3@2x.png"; sourceTree = "<group>"; };
		F7195DDE1BAB722B005CC439 /* diamonds_4@2x.png */ = {isa = PBXFileReference; lastKnownFileType = image.png; path = "diamonds_4@2x.png"; sourceTree = "<group>"; };
		F7195DDF1BAB722B005CC439 /* diamonds_5@2x.png */ = {isa = PBXFileReference; lastKnownFileType = image.png; path = "diamonds_5@2x.png"; sourceTree = "<group>"; };
		F7195DE01BAB722B005CC439 /* diamonds_6@2x.png */ = {isa = PBXFileReference; lastKnownFileType = image.png; path = "diamonds_6@2x.png"; sourceTree = "<group>"; };
		F7195DE11BAB722B005CC439 /* diamonds_7@2x.png */ = {isa = PBXFileReference; lastKnownFileType = image.png; path = "diamonds_7@2x.png"; sourceTree = "<group>"; };
		F7195DE21BAB722B005CC439 /* diamonds_8@2x.png */ = {isa = PBXFileReference; lastKnownFileType = image.png; path = "diamonds_8@2x.png"; sourceTree = "<group>"; };
		F7195DE31BAB722B005CC439 /* diamonds_9@2x.png */ = {isa = PBXFileReference; lastKnownFileType = image.png; path = "diamonds_9@2x.png"; sourceTree = "<group>"; };
		F7195DE41BAB722B005CC439 /* diamonds_10@2x.png */ = {isa = PBXFileReference; lastKnownFileType = image.png; path = "diamonds_10@2x.png"; sourceTree = "<group>"; };
		F7195DE51BAB722B005CC439 /* diamonds_a@2x.png */ = {isa = PBXFileReference; lastKnownFileType = image.png; path = "diamonds_a@2x.png"; sourceTree = "<group>"; };
		F7195DE61BAB722B005CC439 /* diamonds_j@2x.png */ = {isa = PBXFileReference; lastKnownFileType = image.png; path = "diamonds_j@2x.png"; sourceTree = "<group>"; };
		F7195DE71BAB722B005CC439 /* diamonds_k@2x.png */ = {isa = PBXFileReference; lastKnownFileType = image.png; path = "diamonds_k@2x.png"; sourceTree = "<group>"; };
		F7195DE81BAB722B005CC439 /* diamonds_q@2x.png */ = {isa = PBXFileReference; lastKnownFileType = image.png; path = "diamonds_q@2x.png"; sourceTree = "<group>"; };
		F7195DF71BAB7239005CC439 /* hearts_2@2x.png */ = {isa = PBXFileReference; lastKnownFileType = image.png; path = "hearts_2@2x.png"; sourceTree = "<group>"; };
		F7195DF81BAB7239005CC439 /* hearts_3@2x.png */ = {isa = PBXFileReference; lastKnownFileType = image.png; path = "hearts_3@2x.png"; sourceTree = "<group>"; };
		F7195DF91BAB7239005CC439 /* hearts_4@2x.png */ = {isa = PBXFileReference; lastKnownFileType = image.png; path = "hearts_4@2x.png"; sourceTree = "<group>"; };
		F7195DFA1BAB7239005CC439 /* hearts_5@2x.png */ = {isa = PBXFileReference; lastKnownFileType = image.png; path = "hearts_5@2x.png"; sourceTree = "<group>"; };
		F7195DFB1BAB7239005CC439 /* hearts_6@2x.png */ = {isa = PBXFileReference; lastKnownFileType = image.png; path = "hearts_6@2x.png"; sourceTree = "<group>"; };
		F7195DFC1BAB7239005CC439 /* hearts_7@2x.png */ = {isa = PBXFileReference; lastKnownFileType = image.png; path = "hearts_7@2x.png"; sourceTree = "<group>"; };
		F7195DFD1BAB7239005CC439 /* hearts_8@2x.png */ = {isa = PBXFileReference; lastKnownFileType = image.png; path = "hearts_8@2x.png"; sourceTree = "<group>"; };
		F7195DFE1BAB7239005CC439 /* hearts_9@2x.png */ = {isa = PBXFileReference; lastKnownFileType = image.png; path = "hearts_9@2x.png"; sourceTree = "<group>"; };
		F7195DFF1BAB7239005CC439 /* hearts_10@2x.png */ = {isa = PBXFileReference; lastKnownFileType = image.png; path = "hearts_10@2x.png"; sourceTree = "<group>"; };
		F7195E001BAB7239005CC439 /* hearts_a@2x.png */ = {isa = PBXFileReference; lastKnownFileType = image.png; path = "hearts_a@2x.png"; sourceTree = "<group>"; };
		F7195E011BAB7239005CC439 /* hearts_j@2x.png */ = {isa = PBXFileReference; lastKnownFileType = image.png; path = "hearts_j@2x.png"; sourceTree = "<group>"; };
		F7195E021BAB7239005CC439 /* hearts_k@2x.png */ = {isa = PBXFileReference; lastKnownFileType = image.png; path = "hearts_k@2x.png"; sourceTree = "<group>"; };
		F7195E031BAB7239005CC439 /* hearts_q@2x.png */ = {isa = PBXFileReference; lastKnownFileType = image.png; path = "hearts_q@2x.png"; sourceTree = "<group>"; };
		F7195E121BAB724A005CC439 /* spades_2@2x.png */ = {isa = PBXFileReference; lastKnownFileType = image.png; path = "spades_2@2x.png"; sourceTree = "<group>"; };
		F7195E131BAB724A005CC439 /* spades_3@2x.png */ = {isa = PBXFileReference; lastKnownFileType = image.png; path = "spades_3@2x.png"; sourceTree = "<group>"; };
		F7195E141BAB724A005CC439 /* spades_4@2x.png */ = {isa = PBXFileReference; lastKnownFileType = image.png; path = "spades_4@2x.png"; sourceTree = "<group>"; };
		F7195E151BAB724A005CC439 /* spades_5@2x.png */ = {isa = PBXFileReference; lastKnownFileType = image.png; path = "spades_5@2x.png"; sourceTree = "<group>"; };
		F7195E161BAB724A005CC439 /* spades_6@2x.png */ = {isa = PBXFileReference; lastKnownFileType = image.png; path = "spades_6@2x.png"; sourceTree = "<group>"; };
		F7195E171BAB724A005CC439 /* spades_7@2x.png */ = {isa = PBXFileReference; lastKnownFileType = image.png; path = "spades_7@2x.png"; sourceTree = "<group>"; };
		F7195E181BAB724A005CC439 /* spades_8@2x.png */ = {isa = PBXFileReference; lastKnownFileType = image.png; path = "spades_8@2x.png"; sourceTree = "<group>"; };
		F7195E191BAB724A005CC439 /* spades_9@2x.png */ = {isa = PBXFileReference; lastKnownFileType = image.png; path = "spades_9@2x.png"; sourceTree = "<group>"; };
		F7195E1A1BAB724A005CC439 /* spades_10@2x.png */ = {isa = PBXFileReference; lastKnownFileType = image.png; path = "spades_10@2x.png"; sourceTree = "<group>"; };
		F7195E1B1BAB724A005CC439 /* spades_a@2x.png */ = {isa = PBXFileReference; lastKnownFileType = image.png; path = "spades_a@2x.png"; sourceTree = "<group>"; };
		F7195E1C1BAB724A005CC439 /* spades_j@2x.png */ = {isa = PBXFileReference; lastKnownFileType = image.png; path = "spades_j@2x.png"; sourceTree = "<group>"; };
		F7195E1D1BAB724A005CC439 /* spades_k@2x.png */ = {isa = PBXFileReference; lastKnownFileType = image.png; path = "spades_k@2x.png"; sourceTree = "<group>"; };
		F7195E1E1BAB724A005CC439 /* spades_q@2x.png */ = {isa = PBXFileReference; lastKnownFileType = image.png; path = "spades_q@2x.png"; sourceTree = "<group>"; };
		F7195E2C1BAB7310005CC439 /* MTCardImageManager.h */ = {isa = PBXFileReference; fileEncoding = 4; lastKnownFileType = sourcecode.c.h; path = MTCardImageManager.h; sourceTree = "<group>"; };
		F7195E2D1BAB7310005CC439 /* MTCardImageManager.m */ = {isa = PBXFileReference; fileEncoding = 4; lastKnownFileType = sourcecode.c.objc; path = MTCardImageManager.m; sourceTree = "<group>"; };
		F7195E2F1BAB7848005CC439 /* MTCard.h */ = {isa = PBXFileReference; fileEncoding = 4; lastKnownFileType = sourcecode.c.h; path = MTCard.h; sourceTree = "<group>"; };
		F7195E301BAB7848005CC439 /* MTCard.m */ = {isa = PBXFileReference; fileEncoding = 4; lastKnownFileType = sourcecode.c.objc; path = MTCard.m; sourceTree = "<group>"; };
		F7195E341BAB8A7B005CC439 /* MTCardCollectionViewCell.h */ = {isa = PBXFileReference; fileEncoding = 4; lastKnownFileType = sourcecode.c.h; path = MTCardCollectionViewCell.h; sourceTree = "<group>"; };
		F7195E351BAB8A7B005CC439 /* MTCardCollectionViewCell.m */ = {isa = PBXFileReference; fileEncoding = 4; lastKnownFileType = sourcecode.c.objc; path = MTCardCollectionViewCell.m; sourceTree = "<group>"; };
		F748A0881BAC9E380065A4EC /* MTSplashViewController.h */ = {isa = PBXFileReference; fileEncoding = 4; lastKnownFileType = sourcecode.c.h; path = MTSplashViewController.h; sourceTree = "<group>"; };
		F748A0891BAC9E380065A4EC /* MTSplashViewController.m */ = {isa = PBXFileReference; fileEncoding = 4; lastKnownFileType = sourcecode.c.objc; path = MTSplashViewController.m; sourceTree = "<group>"; };
		F748A08B1BACA0040065A4EC /* MTAnimatingCardView.h */ = {isa = PBXFileReference; fileEncoding = 4; lastKnownFileType = sourcecode.c.h; path = MTAnimatingCardView.h; sourceTree = "<group>"; };
		F748A08C1BACA0040065A4EC /* MTAnimatingCardView.m */ = {isa = PBXFileReference; fileEncoding = 4; lastKnownFileType = sourcecode.c.objc; path = MTAnimatingCardView.m; sourceTree = "<group>"; };
/* End PBXFileReference section */

/* Begin PBXFrameworksBuildPhase section */
		05C1B6D41BAB6DEF008E2576 /* Frameworks */ = {
			isa = PBXFrameworksBuildPhase;
			buildActionMask = 2147483647;
			files = (
			);
			runOnlyForDeploymentPostprocessing = 0;
		};
		05C1B6ED1BAB6DEF008E2576 /* Frameworks */ = {
			isa = PBXFrameworksBuildPhase;
			buildActionMask = 2147483647;
			files = (
			);
			runOnlyForDeploymentPostprocessing = 0;
		};
/* End PBXFrameworksBuildPhase section */

/* Begin PBXGroup section */
		05C1B6CE1BAB6DEF008E2576 = {
			isa = PBXGroup;
			children = (
				05C1B6D91BAB6DEF008E2576 /* MagicTrick */,
				05C1B6F31BAB6DEF008E2576 /* MagicTrickTests */,
				05C1B6D81BAB6DEF008E2576 /* Products */,
			);
			sourceTree = "<group>";
		};
		05C1B6D81BAB6DEF008E2576 /* Products */ = {
			isa = PBXGroup;
			children = (
				05C1B6D71BAB6DEF008E2576 /* MagicTrick.app */,
				05C1B6F01BAB6DEF008E2576 /* MagicTrickTests.xctest */,
			);
			name = Products;
			sourceTree = "<group>";
		};
		05C1B6D91BAB6DEF008E2576 /* MagicTrick */ = {
			isa = PBXGroup;
			children = (
				F7195E331BAB8A5D005CC439 /* Model */,
				F7195E321BAB8A5A005CC439 /* View */,
				F748A0871BAC9DAA0065A4EC /* Controller */,
				05C1B6DE1BAB6DEF008E2576 /* AppDelegate.h */,
				05C1B6DF1BAB6DEF008E2576 /* AppDelegate.m */,
				05C1B6E11BAB6DEF008E2576 /* ViewController.h */,
				05C1B6E21BAB6DEF008E2576 /* ViewController.m */,
				05C1B6E41BAB6DEF008E2576 /* Main.storyboard */,
				05C1B6E71BAB6DEF008E2576 /* Images.xcassets */,
				05C1B6E91BAB6DEF008E2576 /* LaunchScreen.xib */,
				F7195DBB1BAB71A7005CC439 /* card_assets */,
				05C1B6DA1BAB6DEF008E2576 /* Supporting Files */,
				05C1B7001BAB6EA8008E2576 /* card.h */,
				05C1B7011BAB6EA8008E2576 /* card.m */,
			);
			path = MagicTrick;
			sourceTree = "<group>";
		};
		05C1B6DA1BAB6DEF008E2576 /* Supporting Files */ = {
			isa = PBXGroup;
			children = (
				05C1B6DB1BAB6DEF008E2576 /* Info.plist */,
				05C1B6DC1BAB6DEF008E2576 /* main.m */,
			);
			name = "Supporting Files";
			sourceTree = "<group>";
		};
		05C1B6F31BAB6DEF008E2576 /* MagicTrickTests */ = {
			isa = PBXGroup;
			children = (
				05C1B6F61BAB6DEF008E2576 /* MagicTrickTests.m */,
				05C1B6F41BAB6DEF008E2576 /* Supporting Files */,
			);
			path = MagicTrickTests;
			sourceTree = "<group>";
		};
		05C1B6F41BAB6DEF008E2576 /* Supporting Files */ = {
			isa = PBXGroup;
			children = (
				05C1B6F51BAB6DEF008E2576 /* Info.plist */,
			);
			name = "Supporting Files";
			sourceTree = "<group>";
		};
		F7195DBB1BAB71A7005CC439 /* card_assets */ = {
			isa = PBXGroup;
			children = (
				F7195DBE1BAB71B7005CC439 /* clubs */,
				F7195DDB1BAB7220005CC439 /* diamonds */,
				F7195DF61BAB7230005CC439 /* hearts */,
				F7195E111BAB723C005CC439 /* spades */,
				F7195DBF1BAB7214005CC439 /* back@2x.png */,
			);
			name = card_assets;
			sourceTree = "<group>";
		};
		F7195DBE1BAB71B7005CC439 /* clubs */ = {
			isa = PBXGroup;
			children = (
				F7195DC11BAB721D005CC439 /* clubs_2@2x.png */,
				F7195DC21BAB721D005CC439 /* clubs_3@2x.png */,
				F7195DC31BAB721D005CC439 /* clubs_4@2x.png */,
				F7195DC41BAB721D005CC439 /* clubs_5@2x.png */,
				F7195DC51BAB721D005CC439 /* clubs_6@2x.png */,
				F7195DC61BAB721D005CC439 /* clubs_7@2x.png */,
				F7195DC71BAB721D005CC439 /* clubs_8@2x.png */,
				F7195DC81BAB721D005CC439 /* clubs_9@2x.png */,
				F7195DC91BAB721D005CC439 /* clubs_10@2x.png */,
				F7195DCA1BAB721D005CC439 /* clubs_a@2x.png */,
				F7195DCB1BAB721D005CC439 /* clubs_j@2x.png */,
				F7195DCC1BAB721D005CC439 /* clubs_k@2x.png */,
				F7195DCD1BAB721D005CC439 /* clubs_q@2x.png */,
			);
			name = clubs;
			sourceTree = "<group>";
		};
		F7195DDB1BAB7220005CC439 /* diamonds */ = {
			isa = PBXGroup;
			children = (
				F7195DDC1BAB722B005CC439 /* diamonds_2@2x.png */,
				F7195DDD1BAB722B005CC439 /* diamonds_3@2x.png */,
				F7195DDE1BAB722B005CC439 /* diamonds_4@2x.png */,
				F7195DDF1BAB722B005CC439 /* diamonds_5@2x.png */,
				F7195DE01BAB722B005CC439 /* diamonds_6@2x.png */,
				F7195DE11BAB722B005CC439 /* diamonds_7@2x.png */,
				F7195DE21BAB722B005CC439 /* diamonds_8@2x.png */,
				F7195DE31BAB722B005CC439 /* diamonds_9@2x.png */,
				F7195DE41BAB722B005CC439 /* diamonds_10@2x.png */,
				F7195DE51BAB722B005CC439 /* diamonds_a@2x.png */,
				F7195DE61BAB722B005CC439 /* diamonds_j@2x.png */,
				F7195DE71BAB722B005CC439 /* diamonds_k@2x.png */,
				F7195DE81BAB722B005CC439 /* diamonds_q@2x.png */,
			);
			name = diamonds;
			sourceTree = "<group>";
		};
		F7195DF61BAB7230005CC439 /* hearts */ = {
			isa = PBXGroup;
			children = (
				F7195DF71BAB7239005CC439 /* hearts_2@2x.png */,
				F7195DF81BAB7239005CC439 /* hearts_3@2x.png */,
				F7195DF91BAB7239005CC439 /* hearts_4@2x.png */,
				F7195DFA1BAB7239005CC439 /* hearts_5@2x.png */,
				F7195DFB1BAB7239005CC439 /* hearts_6@2x.png */,
				F7195DFC1BAB7239005CC439 /* hearts_7@2x.png */,
				F7195DFD1BAB7239005CC439 /* hearts_8@2x.png */,
				F7195DFE1BAB7239005CC439 /* hearts_9@2x.png */,
				F7195DFF1BAB7239005CC439 /* hearts_10@2x.png */,
				F7195E001BAB7239005CC439 /* hearts_a@2x.png */,
				F7195E011BAB7239005CC439 /* hearts_j@2x.png */,
				F7195E021BAB7239005CC439 /* hearts_k@2x.png */,
				F7195E031BAB7239005CC439 /* hearts_q@2x.png */,
			);
			name = hearts;
			sourceTree = "<group>";
		};
		F7195E111BAB723C005CC439 /* spades */ = {
			isa = PBXGroup;
			children = (
				F7195E121BAB724A005CC439 /* spades_2@2x.png */,
				F7195E131BAB724A005CC439 /* spades_3@2x.png */,
				F7195E141BAB724A005CC439 /* spades_4@2x.png */,
				F7195E151BAB724A005CC439 /* spades_5@2x.png */,
				F7195E161BAB724A005CC439 /* spades_6@2x.png */,
				F7195E171BAB724A005CC439 /* spades_7@2x.png */,
				F7195E181BAB724A005CC439 /* spades_8@2x.png */,
				F7195E191BAB724A005CC439 /* spades_9@2x.png */,
				F7195E1A1BAB724A005CC439 /* spades_10@2x.png */,
				F7195E1B1BAB724A005CC439 /* spades_a@2x.png */,
				F7195E1C1BAB724A005CC439 /* spades_j@2x.png */,
				F7195E1D1BAB724A005CC439 /* spades_k@2x.png */,
				F7195E1E1BAB724A005CC439 /* spades_q@2x.png */,
			);
			name = spades;
			sourceTree = "<group>";
		};
		F7195E321BAB8A5A005CC439 /* View */ = {
			isa = PBXGroup;
			children = (
				F7195E341BAB8A7B005CC439 /* MTCardCollectionViewCell.h */,
				F7195E351BAB8A7B005CC439 /* MTCardCollectionViewCell.m */,
				F748A08B1BACA0040065A4EC /* MTAnimatingCardView.h */,
				F748A08C1BACA0040065A4EC /* MTAnimatingCardView.m */,
			);
			name = View;
			sourceTree = "<group>";
		};
		F7195E331BAB8A5D005CC439 /* Model */ = {
			isa = PBXGroup;
			children = (
				F7195E2C1BAB7310005CC439 /* MTCardImageManager.h */,
				F7195E2D1BAB7310005CC439 /* MTCardImageManager.m */,
				F7195E2F1BAB7848005CC439 /* MTCard.h */,
				F7195E301BAB7848005CC439 /* MTCard.m */,
			);
			name = Model;
			sourceTree = "<group>";
		};
		F748A0871BAC9DAA0065A4EC /* Controller */ = {
			isa = PBXGroup;
			children = (
				F748A0881BAC9E380065A4EC /* MTSplashViewController.h */,
				F748A0891BAC9E380065A4EC /* MTSplashViewController.m */,
			);
			name = Controller;
			sourceTree = "<group>";
		};
/* End PBXGroup section */

/* Begin PBXNativeTarget section */
		05C1B6D61BAB6DEF008E2576 /* MagicTrick */ = {
			isa = PBXNativeTarget;
			buildConfigurationList = 05C1B6FA1BAB6DEF008E2576 /* Build configuration list for PBXNativeTarget "MagicTrick" */;
			buildPhases = (
				05C1B6D31BAB6DEF008E2576 /* Sources */,
				05C1B6D41BAB6DEF008E2576 /* Frameworks */,
				05C1B6D51BAB6DEF008E2576 /* Resources */,
			);
			buildRules = (
			);
			dependencies = (
			);
			name = MagicTrick;
			productName = MagicTrick;
			productReference = 05C1B6D71BAB6DEF008E2576 /* MagicTrick.app */;
			productType = "com.apple.product-type.application";
		};
		05C1B6EF1BAB6DEF008E2576 /* MagicTrickTests */ = {
			isa = PBXNativeTarget;
			buildConfigurationList = 05C1B6FD1BAB6DEF008E2576 /* Build configuration list for PBXNativeTarget "MagicTrickTests" */;
			buildPhases = (
				05C1B6EC1BAB6DEF008E2576 /* Sources */,
				05C1B6ED1BAB6DEF008E2576 /* Frameworks */,
				05C1B6EE1BAB6DEF008E2576 /* Resources */,
			);
			buildRules = (
			);
			dependencies = (
				05C1B6F21BAB6DEF008E2576 /* PBXTargetDependency */,
			);
			name = MagicTrickTests;
			productName = MagicTrickTests;
			productReference = 05C1B6F01BAB6DEF008E2576 /* MagicTrickTests.xctest */;
			productType = "com.apple.product-type.bundle.unit-test";
		};
/* End PBXNativeTarget section */

/* Begin PBXProject section */
		05C1B6CF1BAB6DEF008E2576 /* Project object */ = {
			isa = PBXProject;
			attributes = {
				LastUpgradeCheck = 0640;
				ORGANIZATIONNAME = "Lucy Guo";
				TargetAttributes = {
					05C1B6D61BAB6DEF008E2576 = {
						CreatedOnToolsVersion = 6.4;
						DevelopmentTeam = 6PL6K2MFP3;
					};
					05C1B6EF1BAB6DEF008E2576 = {
						CreatedOnToolsVersion = 6.4;
						TestTargetID = 05C1B6D61BAB6DEF008E2576;
					};
				};
			};
			buildConfigurationList = 05C1B6D21BAB6DEF008E2576 /* Build configuration list for PBXProject "MagicTrick" */;
			compatibilityVersion = "Xcode 3.2";
			developmentRegion = English;
			hasScannedForEncodings = 0;
			knownRegions = (
				en,
				Base,
			);
			mainGroup = 05C1B6CE1BAB6DEF008E2576;
			productRefGroup = 05C1B6D81BAB6DEF008E2576 /* Products */;
			projectDirPath = "";
			projectRoot = "";
			targets = (
				05C1B6D61BAB6DEF008E2576 /* MagicTrick */,
				05C1B6EF1BAB6DEF008E2576 /* MagicTrickTests */,
			);
		};
/* End PBXProject section */

/* Begin PBXResourcesBuildPhase section */
		05C1B6D51BAB6DEF008E2576 /* Resources */ = {
			isa = PBXResourcesBuildPhase;
			buildActionMask = 2147483647;
			files = (
				F7195E0E1BAB7239005CC439 /* hearts_j@2x.png in Resources */,
				F7195E231BAB724A005CC439 /* spades_6@2x.png in Resources */,
				F7195DD11BAB721D005CC439 /* clubs_5@2x.png in Resources */,
				F7195E091BAB7239005CC439 /* hearts_7@2x.png in Resources */,
				F7195E261BAB724A005CC439 /* spades_9@2x.png in Resources */,
				F7195DEA1BAB722B005CC439 /* diamonds_3@2x.png in Resources */,
				F7195E041BAB7239005CC439 /* hearts_2@2x.png in Resources */,
				F7195DCF1BAB721D005CC439 /* clubs_3@2x.png in Resources */,
				F7195DCE1BAB721D005CC439 /* clubs_2@2x.png in Resources */,
				F7195E211BAB724A005CC439 /* spades_4@2x.png in Resources */,
				F7195E201BAB724A005CC439 /* spades_3@2x.png in Resources */,
				F7195E051BAB7239005CC439 /* hearts_3@2x.png in Resources */,
				F7195DD01BAB721D005CC439 /* clubs_4@2x.png in Resources */,
				F7195E271BAB724A005CC439 /* spades_10@2x.png in Resources */,
				F7195E0F1BAB7239005CC439 /* hearts_k@2x.png in Resources */,
				F7195DE91BAB722B005CC439 /* diamonds_2@2x.png in Resources */,
				F7195DEC1BAB722B005CC439 /* diamonds_5@2x.png in Resources */,
				F7195DF51BAB722B005CC439 /* diamonds_q@2x.png in Resources */,
				F7195DDA1BAB721D005CC439 /* clubs_q@2x.png in Resources */,
				F7195DF01BAB722B005CC439 /* diamonds_9@2x.png in Resources */,
				F7195DD31BAB721D005CC439 /* clubs_7@2x.png in Resources */,
				F7195E0A1BAB7239005CC439 /* hearts_8@2x.png in Resources */,
				F7195E241BAB724A005CC439 /* spades_7@2x.png in Resources */,
				F7195E081BAB7239005CC439 /* hearts_6@2x.png in Resources */,
				F7195DF31BAB722B005CC439 /* diamonds_j@2x.png in Resources */,
				F7195DEB1BAB722B005CC439 /* diamonds_4@2x.png in Resources */,
				05C1B6E61BAB6DEF008E2576 /* Main.storyboard in Resources */,
				F7195E061BAB7239005CC439 /* hearts_4@2x.png in Resources */,
				F7195E071BAB7239005CC439 /* hearts_5@2x.png in Resources */,
				F7195E251BAB724A005CC439 /* spades_8@2x.png in Resources */,
				F7195DEE1BAB722B005CC439 /* diamonds_7@2x.png in Resources */,
				F7195E0C1BAB7239005CC439 /* hearts_10@2x.png in Resources */,
				F7195DEF1BAB722B005CC439 /* diamonds_8@2x.png in Resources */,
				F7195DF11BAB722B005CC439 /* diamonds_10@2x.png in Resources */,
				F7195E221BAB724A005CC439 /* spades_5@2x.png in Resources */,
				F7195DD21BAB721D005CC439 /* clubs_6@2x.png in Resources */,
				F7195DC01BAB7214005CC439 /* back@2x.png in Resources */,
				F7195E1F1BAB724A005CC439 /* spades_2@2x.png in Resources */,
				F7195DD61BAB721D005CC439 /* clubs_10@2x.png in Resources */,
				F7195E281BAB724A005CC439 /* spades_a@2x.png in Resources */,
				F7195DD51BAB721D005CC439 /* clubs_9@2x.png in Resources */,
				F7195DD71BAB721D005CC439 /* clubs_a@2x.png in Resources */,
				F7195DF41BAB722B005CC439 /* diamonds_k@2x.png in Resources */,
				F7195E2A1BAB724A005CC439 /* spades_k@2x.png in Resources */,
				F7195E2B1BAB724A005CC439 /* spades_q@2x.png in Resources */,
				F7195E101BAB7239005CC439 /* hearts_q@2x.png in Resources */,
				05C1B6EB1BAB6DEF008E2576 /* LaunchScreen.xib in Resources */,
				F7195DD41BAB721D005CC439 /* clubs_8@2x.png in Resources */,
				F7195DED1BAB722B005CC439 /* diamonds_6@2x.png in Resources */,
				F7195DF21BAB722B005CC439 /* diamonds_a@2x.png in Resources */,
				F7195E0D1BAB7239005CC439 /* hearts_a@2x.png in Resources */,
				F7195DD81BAB721D005CC439 /* clubs_j@2x.png in Resources */,
				F7195E0B1BAB7239005CC439 /* hearts_9@2x.png in Resources */,
				F7195E291BAB724A005CC439 /* spades_j@2x.png in Resources */,
				F7195DD91BAB721D005CC439 /* clubs_k@2x.png in Resources */,
				05C1B6E81BAB6DEF008E2576 /* Images.xcassets in Resources */,
			);
			runOnlyForDeploymentPostprocessing = 0;
		};
		05C1B6EE1BAB6DEF008E2576 /* Resources */ = {
			isa = PBXResourcesBuildPhase;
			buildActionMask = 2147483647;
			files = (
			);
			runOnlyForDeploymentPostprocessing = 0;
		};
/* End PBXResourcesBuildPhase section */

/* Begin PBXSourcesBuildPhase section */
		05C1B6D31BAB6DEF008E2576 /* Sources */ = {
			isa = PBXSourcesBuildPhase;
			buildActionMask = 2147483647;
			files = (
				F7195E2E1BAB7310005CC439 /* MTCardImageManager.m in Sources */,
				F748A08D1BACA0040065A4EC /* MTAnimatingCardView.m in Sources */,
				05C1B6E31BAB6DEF008E2576 /* ViewController.m in Sources */,
				05C1B6E01BAB6DEF008E2576 /* AppDelegate.m in Sources */,
				F7195E361BAB8A7B005CC439 /* MTCardCollectionViewCell.m in Sources */,
				05C1B7021BAB6EA8008E2576 /* card.m in Sources */,
				F7195E311BAB7848005CC439 /* MTCard.m in Sources */,
				F748A08A1BAC9E380065A4EC /* MTSplashViewController.m in Sources */,
				05C1B6DD1BAB6DEF008E2576 /* main.m in Sources */,
			);
			runOnlyForDeploymentPostprocessing = 0;
		};
		05C1B6EC1BAB6DEF008E2576 /* Sources */ = {
			isa = PBXSourcesBuildPhase;
			buildActionMask = 2147483647;
			files = (
				05C1B6F71BAB6DEF008E2576 /* MagicTrickTests.m in Sources */,
			);
			runOnlyForDeploymentPostprocessing = 0;
		};
/* End PBXSourcesBuildPhase section */

/* Begin PBXTargetDependency section */
		05C1B6F21BAB6DEF008E2576 /* PBXTargetDependency */ = {
			isa = PBXTargetDependency;
			target = 05C1B6D61BAB6DEF008E2576 /* MagicTrick */;
			targetProxy = 05C1B6F11BAB6DEF008E2576 /* PBXContainerItemProxy */;
		};
/* End PBXTargetDependency section */

/* Begin PBXVariantGroup section */
		05C1B6E41BAB6DEF008E2576 /* Main.storyboard */ = {
			isa = PBXVariantGroup;
			children = (
				05C1B6E51BAB6DEF008E2576 /* Base */,
			);
			name = Main.storyboard;
			sourceTree = "<group>";
		};
		05C1B6E91BAB6DEF008E2576 /* LaunchScreen.xib */ = {
			isa = PBXVariantGroup;
			children = (
				05C1B6EA1BAB6DEF008E2576 /* Base */,
			);
			name = LaunchScreen.xib;
			sourceTree = "<group>";
		};
/* End PBXVariantGroup section */

/* Begin XCBuildConfiguration section */
		05C1B6F81BAB6DEF008E2576 /* Debug */ = {
			isa = XCBuildConfiguration;
			buildSettings = {
				ALWAYS_SEARCH_USER_PATHS = NO;
				CLANG_CXX_LANGUAGE_STANDARD = "gnu++0x";
				CLANG_CXX_LIBRARY = "libc++";
				CLANG_ENABLE_MODULES = YES;
				CLANG_ENABLE_OBJC_ARC = YES;
				CLANG_WARN_BOOL_CONVERSION = YES;
				CLANG_WARN_CONSTANT_CONVERSION = YES;
				CLANG_WARN_DIRECT_OBJC_ISA_USAGE = YES_ERROR;
				CLANG_WARN_EMPTY_BODY = YES;
				CLANG_WARN_ENUM_CONVERSION = YES;
				CLANG_WARN_INT_CONVERSION = YES;
				CLANG_WARN_OBJC_ROOT_CLASS = YES_ERROR;
				CLANG_WARN_UNREACHABLE_CODE = YES;
				CLANG_WARN__DUPLICATE_METHOD_MATCH = YES;
				"CODE_SIGN_IDENTITY[sdk=iphoneos*]" = "iPhone Developer";
				COPY_PHASE_STRIP = NO;
				DEBUG_INFORMATION_FORMAT = "dwarf-with-dsym";
				ENABLE_STRICT_OBJC_MSGSEND = YES;
				GCC_C_LANGUAGE_STANDARD = gnu99;
				GCC_DYNAMIC_NO_PIC = NO;
				GCC_NO_COMMON_BLOCKS = YES;
				GCC_OPTIMIZATION_LEVEL = 0;
				GCC_PREPROCESSOR_DEFINITIONS = (
					"DEBUG=1",
					"$(inherited)",
				);
				GCC_SYMBOLS_PRIVATE_EXTERN = NO;
				GCC_WARN_64_TO_32_BIT_CONVERSION = YES;
				GCC_WARN_ABOUT_RETURN_TYPE = YES_ERROR;
				GCC_WARN_UNDECLARED_SELECTOR = YES;
				GCC_WARN_UNINITIALIZED_AUTOS = YES_AGGRESSIVE;
				GCC_WARN_UNUSED_FUNCTION = YES;
				GCC_WARN_UNUSED_VARIABLE = YES;
				IPHONEOS_DEPLOYMENT_TARGET = 8.4;
				MTL_ENABLE_DEBUG_INFO = YES;
				ONLY_ACTIVE_ARCH = YES;
				SDKROOT = iphoneos;
				TARGETED_DEVICE_FAMILY = "1,2";
			};
			name = Debug;
		};
		05C1B6F91BAB6DEF008E2576 /* Release */ = {
			isa = XCBuildConfiguration;
			buildSettings = {
				ALWAYS_SEARCH_USER_PATHS = NO;
				CLANG_CXX_LANGUAGE_STANDARD = "gnu++0x";
				CLANG_CXX_LIBRARY = "libc++";
				CLANG_ENABLE_MODULES = YES;
				CLANG_ENABLE_OBJC_ARC = YES;
				CLANG_WARN_BOOL_CONVERSION = YES;
				CLANG_WARN_CONSTANT_CONVERSION = YES;
				CLANG_WARN_DIRECT_OBJC_ISA_USAGE = YES_ERROR;
				CLANG_WARN_EMPTY_BODY = YES;
				CLANG_WARN_ENUM_CONVERSION = YES;
				CLANG_WARN_INT_CONVERSION = YES;
				CLANG_WARN_OBJC_ROOT_CLASS = YES_ERROR;
				CLANG_WARN_UNREACHABLE_CODE = YES;
				CLANG_WARN__DUPLICATE_METHOD_MATCH = YES;
				"CODE_SIGN_IDENTITY[sdk=iphoneos*]" = "iPhone Developer";
				COPY_PHASE_STRIP = NO;
				DEBUG_INFORMATION_FORMAT = "dwarf-with-dsym";
				ENABLE_NS_ASSERTIONS = NO;
				ENABLE_STRICT_OBJC_MSGSEND = YES;
				GCC_C_LANGUAGE_STANDARD = gnu99;
				GCC_NO_COMMON_BLOCKS = YES;
				GCC_WARN_64_TO_32_BIT_CONVERSION = YES;
				GCC_WARN_ABOUT_RETURN_TYPE = YES_ERROR;
				GCC_WARN_UNDECLARED_SELECTOR = YES;
				GCC_WARN_UNINITIALIZED_AUTOS = YES_AGGRESSIVE;
				GCC_WARN_UNUSED_FUNCTION = YES;
				GCC_WARN_UNUSED_VARIABLE = YES;
				IPHONEOS_DEPLOYMENT_TARGET = 8.4;
				MTL_ENABLE_DEBUG_INFO = NO;
				SDKROOT = iphoneos;
				TARGETED_DEVICE_FAMILY = "1,2";
				VALIDATE_PRODUCT = YES;
			};
			name = Release;
		};
		05C1B6FB1BAB6DEF008E2576 /* Debug */ = {
			isa = XCBuildConfiguration;
			buildSettings = {
				ASSETCATALOG_COMPILER_APPICON_NAME = AppIcon;
				CODE_SIGN_IDENTITY = "iPhone Developer";
				INFOPLIST_FILE = MagicTrick/Info.plist;
				LD_RUNPATH_SEARCH_PATHS = "$(inherited) @executable_path/Frameworks";
				PRODUCT_NAME = "$(TARGET_NAME)";
			};
			name = Debug;
		};
		05C1B6FC1BAB6DEF008E2576 /* Release */ = {
			isa = XCBuildConfiguration;
			buildSettings = {
				ASSETCATALOG_COMPILER_APPICON_NAME = AppIcon;
				CODE_SIGN_IDENTITY = "iPhone Developer";
				INFOPLIST_FILE = MagicTrick/Info.plist;
				LD_RUNPATH_SEARCH_PATHS = "$(inherited) @executable_path/Frameworks";
				PRODUCT_NAME = "$(TARGET_NAME)";
			};
			name = Release;
		};
		05C1B6FE1BAB6DEF008E2576 /* Debug */ = {
			isa = XCBuildConfiguration;
			buildSettings = {
				BUNDLE_LOADER = "$(TEST_HOST)";
				FRAMEWORK_SEARCH_PATHS = (
					"$(SDKROOT)/Developer/Library/Frameworks",
					"$(inherited)",
				);
				GCC_PREPROCESSOR_DEFINITIONS = (
					"DEBUG=1",
					"$(inherited)",
				);
				INFOPLIST_FILE = MagicTrickTests/Info.plist;
				LD_RUNPATH_SEARCH_PATHS = "$(inherited) @executable_path/Frameworks @loader_path/Frameworks";
				PRODUCT_NAME = "$(TARGET_NAME)";
				TEST_HOST = "$(BUILT_PRODUCTS_DIR)/MagicTrick.app/MagicTrick";
			};
			name = Debug;
		};
		05C1B6FF1BAB6DEF008E2576 /* Release */ = {
			isa = XCBuildConfiguration;
			buildSettings = {
				BUNDLE_LOADER = "$(TEST_HOST)";
				FRAMEWORK_SEARCH_PATHS = (
					"$(SDKROOT)/Developer/Library/Frameworks",
					"$(inherited)",
				);
				INFOPLIST_FILE = MagicTrickTests/Info.plist;
				LD_RUNPATH_SEARCH_PATHS = "$(inherited) @executable_path/Frameworks @loader_path/Frameworks";
				PRODUCT_NAME = "$(TARGET_NAME)";
				TEST_HOST = "$(BUILT_PRODUCTS_DIR)/MagicTrick.app/MagicTrick";
			};
			name = Release;
		};
/* End XCBuildConfiguration section */

/* Begin XCConfigurationList section */
		05C1B6D21BAB6DEF008E2576 /* Build configuration list for PBXProject "MagicTrick" */ = {
			isa = XCConfigurationList;
			buildConfigurations = (
				05C1B6F81BAB6DEF008E2576 /* Debug */,
				05C1B6F91BAB6DEF008E2576 /* Release */,
			);
			defaultConfigurationIsVisible = 0;
			defaultConfigurationName = Release;
		};
		05C1B6FA1BAB6DEF008E2576 /* Build configuration list for PBXNativeTarget "MagicTrick" */ = {
			isa = XCConfigurationList;
			buildConfigurations = (
				05C1B6FB1BAB6DEF008E2576 /* Debug */,
				05C1B6FC1BAB6DEF008E2576 /* Release */,
			);
			defaultConfigurationIsVisible = 0;
			defaultConfigurationName = Release;
		};
		05C1B6FD1BAB6DEF008E2576 /* Build configuration list for PBXNativeTarget "MagicTrickTests" */ = {
			isa = XCConfigurationList;
			buildConfigurations = (
				05C1B6FE1BAB6DEF008E2576 /* Debug */,
				05C1B6FF1BAB6DEF008E2576 /* Release */,
			);
			defaultConfigurationIsVisible = 0;
			defaultConfigurationName = Release;
		};
/* End XCConfigurationList section */
	};
	rootObject = 05C1B6CF1BAB6DEF008E2576 /* Project object */;
}
